// !$*UTF8*$!
{
	archiveVersion = 1;
	classes = {
	};
	objectVersion = 46;
	objects = {

/* Begin PBXBuildFile section */
		A079D92D1F468ADB00A78727 /* AppDelegate.swift in Sources */ = {isa = PBXBuildFile; fileRef = A079D92C1F468ADB00A78727 /* AppDelegate.swift */; };
		A079D92F1F468ADB00A78727 /* ViewController.swift in Sources */ = {isa = PBXBuildFile; fileRef = A079D92E1F468ADB00A78727 /* ViewController.swift */; };
		A079D9321F468ADB00A78727 /* Main.storyboard in Resources */ = {isa = PBXBuildFile; fileRef = A079D9301F468ADB00A78727 /* Main.storyboard */; };
		A079D9341F468ADB00A78727 /* Assets.xcassets in Resources */ = {isa = PBXBuildFile; fileRef = A079D9331F468ADB00A78727 /* Assets.xcassets */; };
		A079D9371F468ADB00A78727 /* LaunchScreen.storyboard in Resources */ = {isa = PBXBuildFile; fileRef = A079D9351F468ADB00A78727 /* LaunchScreen.storyboard */; };
		A079D9421F468ADB00A78727 /* tenny_precourse_appTests.swift in Sources */ = {isa = PBXBuildFile; fileRef = A079D9411F468ADB00A78727 /* tenny_precourse_appTests.swift */; };
/* End PBXBuildFile section */

/* Begin PBXContainerItemProxy section */
		A079D93E1F468ADB00A78727 /* PBXContainerItemProxy */ = {
			isa = PBXContainerItemProxy;
			containerPortal = A079D9211F468ADB00A78727 /* Project object */;
			proxyType = 1;
			remoteGlobalIDString = A079D9281F468ADB00A78727;
			remoteInfo = "tenny-precourse-app";
		};
/* End PBXContainerItemProxy section */

/* Begin PBXFileReference section */
		A079D9291F468ADB00A78727 /* tenny-precourse-app.app */ = {isa = PBXFileReference; explicitFileType = wrapper.application; includeInIndex = 0; path = "tenny-precourse-app.app"; sourceTree = BUILT_PRODUCTS_DIR; };
		A079D92C1F468ADB00A78727 /* AppDelegate.swift */ = {isa = PBXFileReference; lastKnownFileType = sourcecode.swift; path = AppDelegate.swift; sourceTree = "<group>"; };
		A079D92E1F468ADB00A78727 /* ViewController.swift */ = {isa = PBXFileReference; lastKnownFileType = sourcecode.swift; path = ViewController.swift; sourceTree = "<group>"; };
		A079D9311F468ADB00A78727 /* Base */ = {isa = PBXFileReference; lastKnownFileType = file.storyboard; name = Base; path = Base.lproj/Main.storyboard; sourceTree = "<group>"; };
		A079D9331F468ADB00A78727 /* Assets.xcassets */ = {isa = PBXFileReference; lastKnownFileType = folder.assetcatalog; path = Assets.xcassets; sourceTree = "<group>"; };
		A079D9361F468ADB00A78727 /* Base */ = {isa = PBXFileReference; lastKnownFileType = file.storyboard; name = Base; path = Base.lproj/LaunchScreen.storyboard; sourceTree = "<group>"; };
		A079D9381F468ADB00A78727 /* Info.plist */ = {isa = PBXFileReference; lastKnownFileType = text.plist.xml; path = Info.plist; sourceTree = "<group>"; };
		A079D93D1F468ADB00A78727 /* tenny-precourse-appTests.xctest */ = {isa = PBXFileReference; explicitFileType = wrapper.cfbundle; includeInIndex = 0; path = "tenny-precourse-appTests.xctest"; sourceTree = BUILT_PRODUCTS_DIR; };
		A079D9411F468ADB00A78727 /* tenny_precourse_appTests.swift */ = {isa = PBXFileReference; lastKnownFileType = sourcecode.swift; path = tenny_precourse_appTests.swift; sourceTree = "<group>"; };
		A079D9431F468ADB00A78727 /* Info.plist */ = {isa = PBXFileReference; lastKnownFileType = text.plist.xml; path = Info.plist; sourceTree = "<group>"; };
/* End PBXFileReference section */

/* Begin PBXFrameworksBuildPhase section */
		A079D9261F468ADB00A78727 /* Frameworks */ = {
			isa = PBXFrameworksBuildPhase;
			buildActionMask = 2147483647;
			files = (
			);
			runOnlyForDeploymentPostprocessing = 0;
		};
		A079D93A1F468ADB00A78727 /* Frameworks */ = {
			isa = PBXFrameworksBuildPhase;
			buildActionMask = 2147483647;
			files = (
			);
			runOnlyForDeploymentPostprocessing = 0;
		};
/* End PBXFrameworksBuildPhase section */

/* Begin PBXGroup section */
		A079D9201F468ADB00A78727 = {
			isa = PBXGroup;
			children = (
				A079D92B1F468ADB00A78727 /* tenny-precourse-app */,
				A079D9401F468ADB00A78727 /* tenny-precourse-appTests */,
				A079D92A1F468ADB00A78727 /* Products */,
			);
			sourceTree = "<group>";
		};
		A079D92A1F468ADB00A78727 /* Products */ = {
			isa = PBXGroup;
			children = (
				A079D9291F468ADB00A78727 /* tenny-precourse-app.app */,
				A079D93D1F468ADB00A78727 /* tenny-precourse-appTests.xctest */,
			);
			name = Products;
			sourceTree = "<group>";
		};
		A079D92B1F468ADB00A78727 /* tenny-precourse-app */ = {
			isa = PBXGroup;
			children = (
				A079D92C1F468ADB00A78727 /* AppDelegate.swift */,
				A079D92E1F468ADB00A78727 /* ViewController.swift */,
				A079D9301F468ADB00A78727 /* Main.storyboard */,
				A079D9331F468ADB00A78727 /* Assets.xcassets */,
				A079D9351F468ADB00A78727 /* LaunchScreen.storyboard */,
				A079D9381F468ADB00A78727 /* Info.plist */,
			);
			path = "tenny-precourse-app";
			sourceTree = "<group>";
		};
		A079D9401F468ADB00A78727 /* tenny-precourse-appTests */ = {
			isa = PBXGroup;
			children = (
				A079D9411F468ADB00A78727 /* tenny_precourse_appTests.swift */,
				A079D9431F468ADB00A78727 /* Info.plist */,
			);
			path = "tenny-precourse-appTests";
			sourceTree = "<group>";
		};
/* End PBXGroup section */

/* Begin PBXNativeTarget section */
		A079D9281F468ADB00A78727 /* tenny-precourse-app */ = {
			isa = PBXNativeTarget;
			buildConfigurationList = A079D9461F468ADB00A78727 /* Build configuration list for PBXNativeTarget "tenny-precourse-app" */;
			buildPhases = (
				A079D9251F468ADB00A78727 /* Sources */,
				A079D9261F468ADB00A78727 /* Frameworks */,
				A079D9271F468ADB00A78727 /* Resources */,
			);
			buildRules = (
			);
			dependencies = (
			);
			name = "tenny-precourse-app";
			productName = "tenny-precourse-app";
			productReference = A079D9291F468ADB00A78727 /* tenny-precourse-app.app */;
			productType = "com.apple.product-type.application";
		};
		A079D93C1F468ADB00A78727 /* tenny-precourse-appTests */ = {
			isa = PBXNativeTarget;
			buildConfigurationList = A079D9491F468ADB00A78727 /* Build configuration list for PBXNativeTarget "tenny-precourse-appTests" */;
			buildPhases = (
				A079D9391F468ADB00A78727 /* Sources */,
				A079D93A1F468ADB00A78727 /* Frameworks */,
				A079D93B1F468ADB00A78727 /* Resources */,
			);
			buildRules = (
			);
			dependencies = (
				A079D93F1F468ADB00A78727 /* PBXTargetDependency */,
			);
			name = "tenny-precourse-appTests";
			productName = "tenny-precourse-appTests";
			productReference = A079D93D1F468ADB00A78727 /* tenny-precourse-appTests.xctest */;
			productType = "com.apple.product-type.bundle.unit-test";
		};
/* End PBXNativeTarget section */

/* Begin PBXProject section */
		A079D9211F468ADB00A78727 /* Project object */ = {
			isa = PBXProject;
			attributes = {
				LastSwiftUpdateCheck = 0830;
				LastUpgradeCheck = 0830;
				ORGANIZATIONNAME = "Tennyson Pinheiro";
				TargetAttributes = {
					A079D9281F468ADB00A78727 = {
						CreatedOnToolsVersion = 8.3.3;
						DevelopmentTeam = VJRK64U3DP;
						ProvisioningStyle = Automatic;
					};
					A079D93C1F468ADB00A78727 = {
						CreatedOnToolsVersion = 8.3.3;
						DevelopmentTeam = VJRK64U3DP;
						ProvisioningStyle = Automatic;
						TestTargetID = A079D9281F468ADB00A78727;
					};
				};
			};
			buildConfigurationList = A079D9241F468ADB00A78727 /* Build configuration list for PBXProject "tenny-precourse-app" */;
			compatibilityVersion = "Xcode 3.2";
			developmentRegion = English;
			hasScannedForEncodings = 0;
			knownRegions = (
				en,
				Base,
			);
			mainGroup = A079D9201F468ADB00A78727;
			productRefGroup = A079D92A1F468ADB00A78727 /* Products */;
			projectDirPath = "";
			projectRoot = "";
			targets = (
				A079D9281F468ADB00A78727 /* tenny-precourse-app */,
				A079D93C1F468ADB00A78727 /* tenny-precourse-appTests */,
			);
		};
/* End PBXProject section */

/* Begin PBXResourcesBuildPhase section */
		A079D9271F468ADB00A78727 /* Resources */ = {
			isa = PBXResourcesBuildPhase;
			buildActionMask = 2147483647;
			files = (
				A079D9371F468ADB00A78727 /* LaunchScreen.storyboard in Resources */,
				A079D9341F468ADB00A78727 /* Assets.xcassets in Resources */,
				A079D9321F468ADB00A78727 /* Main.storyboard in Resources */,
			);
			runOnlyForDeploymentPostprocessing = 0;
		};
		A079D93B1F468ADB00A78727 /* Resources */ = {
			isa = PBXResourcesBuildPhase;
			buildActionMask = 2147483647;
			files = (
			);
			runOnlyForDeploymentPostprocessing = 0;
		};
/* End PBXResourcesBuildPhase section */

/* Begin PBXSourcesBuildPhase section */
		A079D9251F468ADB00A78727 /* Sources */ = {
			isa = PBXSourcesBuildPhase;
			buildActionMask = 2147483647;
			files = (
				A079D92F1F468ADB00A78727 /* ViewController.swift in Sources */,
				A079D92D1F468ADB00A78727 /* AppDelegate.swift in Sources */,
			);
			runOnlyForDeploymentPostprocessing = 0;
		};
		A079D9391F468ADB00A78727 /* Sources */ = {
			isa = PBXSourcesBuildPhase;
			buildActionMask = 2147483647;
			files = (
				A079D9421F468ADB00A78727 /* tenny_precourse_appTests.swift in Sources */,
			);
			runOnlyForDeploymentPostprocessing = 0;
		};
/* End PBXSourcesBuildPhase section */

/* Begin PBXTargetDependency section */
		A079D93F1F468ADB00A78727 /* PBXTargetDependency */ = {
			isa = PBXTargetDependency;
			target = A079D9281F468ADB00A78727 /* tenny-precourse-app */;
			targetProxy = A079D93E1F468ADB00A78727 /* PBXContainerItemProxy */;
		};
/* End PBXTargetDependency section */

/* Begin PBXVariantGroup section */
		A079D9301F468ADB00A78727 /* Main.storyboard */ = {
			isa = PBXVariantGroup;
			children = (
				A079D9311F468ADB00A78727 /* Base */,
			);
			name = Main.storyboard;
			sourceTree = "<group>";
		};
		A079D9351F468ADB00A78727 /* LaunchScreen.storyboard */ = {
			isa = PBXVariantGroup;
			children = (
				A079D9361F468ADB00A78727 /* Base */,
			);
			name = LaunchScreen.storyboard;
			sourceTree = "<group>";
		};
/* End PBXVariantGroup section */

/* Begin XCBuildConfiguration section */
		A079D9441F468ADB00A78727 /* Debug */ = {
			isa = XCBuildConfiguration;
			buildSettings = {
				ALWAYS_SEARCH_USER_PATHS = NO;
				CLANG_ANALYZER_NONNULL = YES;
				CLANG_ANALYZER_NUMBER_OBJECT_CONVERSION = YES_AGGRESSIVE;
				CLANG_CXX_LANGUAGE_STANDARD = "gnu++0x";
				CLANG_CXX_LIBRARY = "libc++";
				CLANG_ENABLE_MODULES = YES;
				CLANG_ENABLE_OBJC_ARC = YES;
				CLANG_WARN_BOOL_CONVERSION = YES;
				CLANG_WARN_CONSTANT_CONVERSION = YES;
				CLANG_WARN_DIRECT_OBJC_ISA_USAGE = YES_ERROR;
				CLANG_WARN_DOCUMENTATION_COMMENTS = YES;
				CLANG_WARN_EMPTY_BODY = YES;
				CLANG_WARN_ENUM_CONVERSION = YES;
				CLANG_WARN_INFINITE_RECURSION = YES;
				CLANG_WARN_INT_CONVERSION = YES;
				CLANG_WARN_OBJC_ROOT_CLASS = YES_ERROR;
				CLANG_WARN_SUSPICIOUS_MOVE = YES;
				CLANG_WARN_UNREACHABLE_CODE = YES;
				CLANG_WARN__DUPLICATE_METHOD_MATCH = YES;
				"CODE_SIGN_IDENTITY[sdk=iphoneos*]" = "iPhone Developer";
				COPY_PHASE_STRIP = NO;
				DEBUG_INFORMATION_FORMAT = dwarf;
				ENABLE_STRICT_OBJC_MSGSEND = YES;
				ENABLE_TESTABILITY = YES;
				GCC_C_LANGUAGE_STANDARD = gnu99;
				GCC_DYNAMIC_NO_PIC = NO;
				GCC_NO_COMMON_BLOCKS = YES;
				GCC_OPTIMIZATION_LEVEL = 0;
				GCC_PREPROCESSOR_DEFINITIONS = (
					"DEBUG=1",
					"$(inherited)",
				);
				GCC_WARN_64_TO_32_BIT_CONVERSION = YES;
				GCC_WARN_ABOUT_RETURN_TYPE = YES_ERROR;
				GCC_WARN_UNDECLARED_SELECTOR = YES;
				GCC_WARN_UNINITIALIZED_AUTOS = YES_AGGRESSIVE;
				GCC_WARN_UNUSED_FUNCTION = YES;
				GCC_WARN_UNUSED_VARIABLE = YES;
				IPHONEOS_DEPLOYMENT_TARGET = 10.3;
				MTL_ENABLE_DEBUG_INFO = YES;
				ONLY_ACTIVE_ARCH = YES;
				SDKROOT = iphoneos;
				SWIFT_ACTIVE_COMPILATION_CONDITIONS = DEBUG;
				SWIFT_OPTIMIZATION_LEVEL = "-Onone";
				TARGETED_DEVICE_FAMILY = "1,2";
			};
			name = Debug;
		};
		A079D9451F468ADB00A78727 /* Release */ = {
			isa = XCBuildConfiguration;
			buildSettings = {
				ALWAYS_SEARCH_USER_PATHS = NO;
				CLANG_ANALYZER_NONNULL = YES;
				CLANG_ANALYZER_NUMBER_OBJECT_CONVERSION = YES_AGGRESSIVE;
				CLANG_CXX_LANGUAGE_STANDARD = "gnu++0x";
				CLANG_CXX_LIBRARY = "libc++";
				CLANG_ENABLE_MODULES = YES;
				CLANG_ENABLE_OBJC_ARC = YES;
				CLANG_WARN_BOOL_CONVERSION = YES;
				CLANG_WARN_CONSTANT_CONVERSION = YES;
				CLANG_WARN_DIRECT_OBJC_ISA_USAGE = YES_ERROR;
				CLANG_WARN_DOCUMENTATION_COMMENTS = YES;
				CLANG_WARN_EMPTY_BODY = YES;
				CLANG_WARN_ENUM_CONVERSION = YES;
				CLANG_WARN_INFINITE_RECURSION = YES;
				CLANG_WARN_INT_CONVERSION = YES;
				CLANG_WARN_OBJC_ROOT_CLASS = YES_ERROR;
				CLANG_WARN_SUSPICIOUS_MOVE = YES;
				CLANG_WARN_UNREACHABLE_CODE = YES;
				CLANG_WARN__DUPLICATE_METHOD_MATCH = YES;
				"CODE_SIGN_IDENTITY[sdk=iphoneos*]" = "iPhone Developer";
				COPY_PHASE_STRIP = NO;
				DEBUG_INFORMATION_FORMAT = "dwarf-with-dsym";
				ENABLE_NS_ASSERTIONS = NO;
				ENABLE_STRICT_OBJC_MSGSEND = YES;
				GCC_C_LANGUAGE_STANDARD = gnu99;
				GCC_NO_COMMON_BLOCKS = YES;
				GCC_WARN_64_TO_32_BIT_CONVERSION = YES;
				GCC_WARN_ABOUT_RETURN_TYPE = YES_ERROR;
				GCC_WARN_UNDECLARED_SELECTOR = YES;
				GCC_WARN_UNINITIALIZED_AUTOS = YES_AGGRESSIVE;
				GCC_WARN_UNUSED_FUNCTION = YES;
				GCC_WARN_UNUSED_VARIABLE = YES;
				IPHONEOS_DEPLOYMENT_TARGET = 10.3;
				MTL_ENABLE_DEBUG_INFO = NO;
				SDKROOT = iphoneos;
				SWIFT_OPTIMIZATION_LEVEL = "-Owholemodule";
				TARGETED_DEVICE_FAMILY = "1,2";
				VALIDATE_PRODUCT = YES;
			};
			name = Release;
		};
		A079D9471F468ADB00A78727 /* Debug */ = {
			isa = XCBuildConfiguration;
			buildSettings = {
				ASSETCATALOG_COMPILER_APPICON_NAME = AppIcon;
				DEVELOPMENT_TEAM = VJRK64U3DP;
				INFOPLIST_FILE = "tenny-precourse-app/Info.plist";
				LD_RUNPATH_SEARCH_PATHS = "$(inherited) @executable_path/Frameworks";
				PRODUCT_BUNDLE_IDENTIFIER = "tennyhacks.tenny-precourse-app";
				PRODUCT_NAME = "$(TARGET_NAME)";
				SWIFT_VERSION = 3.0;
			};
			name = Debug;
		};
		A079D9481F468ADB00A78727 /* Release */ = {
			isa = XCBuildConfiguration;
			buildSettings = {
				ASSETCATALOG_COMPILER_APPICON_NAME = AppIcon;
				DEVELOPMENT_TEAM = VJRK64U3DP;
				INFOPLIST_FILE = "tenny-precourse-app/Info.plist";
				LD_RUNPATH_SEARCH_PATHS = "$(inherited) @executable_path/Frameworks";
				PRODUCT_BUNDLE_IDENTIFIER = "tennyhacks.tenny-precourse-app";
				PRODUCT_NAME = "$(TARGET_NAME)";
				SWIFT_VERSION = 3.0;
			};
			name = Release;
		};
		A079D94A1F468ADB00A78727 /* Debug */ = {
			isa = XCBuildConfiguration;
			buildSettings = {
				ALWAYS_EMBED_SWIFT_STANDARD_LIBRARIES = YES;
				BUNDLE_LOADER = "$(TEST_HOST)";
				DEVELOPMENT_TEAM = VJRK64U3DP;
				INFOPLIST_FILE = "tenny-precourse-appTests/Info.plist";
				LD_RUNPATH_SEARCH_PATHS = "$(inherited) @executable_path/Frameworks @loader_path/Frameworks";
				PRODUCT_BUNDLE_IDENTIFIER = "tennyhacks.tenny-precourse-appTests";
				PRODUCT_NAME = "$(TARGET_NAME)";
				SWIFT_VERSION = 3.0;
				TEST_HOST = "$(BUILT_PRODUCTS_DIR)/tenny-precourse-app.app/tenny-precourse-app";
			};
			name = Debug;
		};
		A079D94B1F468ADB00A78727 /* Release */ = {
			isa = XCBuildConfiguration;
			buildSettings = {
				ALWAYS_EMBED_SWIFT_STANDARD_LIBRARIES = YES;
				BUNDLE_LOADER = "$(TEST_HOST)";
				DEVELOPMENT_TEAM = VJRK64U3DP;
				INFOPLIST_FILE = "tenny-precourse-appTests/Info.plist";
				LD_RUNPATH_SEARCH_PATHS = "$(inherited) @executable_path/Frameworks @loader_path/Frameworks";
				PRODUCT_BUNDLE_IDENTIFIER = "tennyhacks.tenny-precourse-appTests";
				PRODUCT_NAME = "$(TARGET_NAME)";
				SWIFT_VERSION = 3.0;
				TEST_HOST = "$(BUILT_PRODUCTS_DIR)/tenny-precourse-app.app/tenny-precourse-app";
			};
			name = Release;
		};
/* End XCBuildConfiguration section */

/* Begin XCConfigurationList section */
		A079D9241F468ADB00A78727 /* Build configuration list for PBXProject "tenny-precourse-app" */ = {
			isa = XCConfigurationList;
			buildConfigurations = (
				A079D9441F468ADB00A78727 /* Debug */,
				A079D9451F468ADB00A78727 /* Release */,
			);
			defaultConfigurationIsVisible = 0;
			defaultConfigurationName = Release;
		};
		A079D9461F468ADB00A78727 /* Build configuration list for PBXNativeTarget "tenny-precourse-app" */ = {
			isa = XCConfigurationList;
			buildConfigurations = (
				A079D9471F468ADB00A78727 /* Debug */,
				A079D9481F468ADB00A78727 /* Release */,
			);
			defaultConfigurationIsVisible = 0;
		};
		A079D9491F468ADB00A78727 /* Build configuration list for PBXNativeTarget "tenny-precourse-appTests" */ = {
			isa = XCConfigurationList;
			buildConfigurations = (
				A079D94A1F468ADB00A78727 /* Debug */,
				A079D94B1F468ADB00A78727 /* Release */,
			);
			defaultConfigurationIsVisible = 0;
		};
/* End XCConfigurationList section */
	};
	rootObject = A079D9211F468ADB00A78727 /* Project object */;
}
